
Microsoft Visual Studio Solution File, Format Version 12.00
# Visual Studio Version 16
VisualStudioVersion = 16.0.29905.134
MinimumVisualStudioVersion = 10.0.40219.1
Project("{FAE04EC0-301F-11D3-BF4B-00C04F79EFBC}") = "YoloTest_CS", "YoloTest_CS.csproj", "{9E2C38D2-701B-43C7-B92B-148D1E2BA6BB}"
EndProject
Global
	GlobalSection(SolutionConfigurationPlatforms) = preSolution
		Debug|Any CPU = Debug|Any CPU
		Release|Any CPU = Release|Any CPU
	EndGlobalSection
	GlobalSection(ProjectConfigurationPlatforms) = postSolution
		{9E2C38D2-701B-43C7-B92B-148D1E2BA6BB}.Debug|Any CPU.ActiveCfg = Debug|Any CPU
		{9E2C38D2-701B-43C7-B92B-148D1E2BA6BB}.Debug|Any CPU.Build.0 = Debug|Any CPU
		{9E2C38D2-701B-43C7-B92B-148D1E2BA6BB}.Release|Any CPU.ActiveCfg = Release|Any CPU
		{9E2C38D2-701B-43C7-B92B-148D1E2BA6BB}.Release|Any CPU.Build.0 = Release|Any CPU
	EndGlobalSection
	GlobalSection(SolutionProperties) = preSolution
		HideSolutionNode = FALSE
	EndGlobalSection
	GlobalSection(ExtensibilityGlobals) = postSolution
		SolutionGuid = {01F3868A-E0F1-4701-B121-D6B8C212C8D6}
	EndGlobalSection
EndGlobal
